lockfileVersion: '9.0'

settings:
  autoInstallPeers: true
  excludeLinksFromLockfile: false

importers:

  .:
    devDependencies:
      '@types/jsrsasign':
        specifier: ^10.5.15
        version: 10.5.15

packages:

  '@types/jsrsasign@10.5.15':
    resolution: {integrity: sha512-3stUTaSRtN09PPzVWR6aySD9gNnuymz+WviNHoTb85dKu+BjaV4uBbWWGykBBJkfwPtcNZVfTn2lbX00U+yhpQ==}

snapshots:

  '@types/jsrsasign@10.5.15': {}
